// !$*UTF8*$!
{
	archiveVersion = 1;
	classes = {
	};
	objectVersion = 46;
	objects = {

/* Begin PBXBuildFile section */
		A08BB40C1C5D3FEE00DE9201 /* AppDelegate.swift in Sources */ = {isa = PBXBuildFile; fileRef = A08BB40B1C5D3FEE00DE9201 /* AppDelegate.swift */; };
		A08BB40E1C5D3FEE00DE9201 /* ViewController.swift in Sources */ = {isa = PBXBuildFile; fileRef = A08BB40D1C5D3FEE00DE9201 /* ViewController.swift */; };
		A08BB4111C5D3FF000DE9201 /* Main.storyboard in Resources */ = {isa = PBXBuildFile; fileRef = A08BB40F1C5D3FF000DE9201 /* Main.storyboard */; };
		A08BB4131C5D3FF200DE9201 /* Assets.xcassets in Resources */ = {isa = PBXBuildFile; fileRef = A08BB4121C5D3FF200DE9201 /* Assets.xcassets */; };
		A08BB4161C5D3FF500DE9201 /* LaunchScreen.storyboard in Resources */ = {isa = PBXBuildFile; fileRef = A08BB4141C5D3FF500DE9201 /* LaunchScreen.storyboard */; };
/* End PBXBuildFile section */

/* Begin PBXFileReference section */
		A08BB4081C5D3FEB00DE9201 /* Project2.app */ = {isa = PBXFileReference; explicitFileType = wrapper.application; includeInIndex = 0; path = Project2.app; sourceTree = BUILT_PRODUCTS_DIR; };
		A08BB40B1C5D3FEE00DE9201 /* AppDelegate.swift */ = {isa = PBXFileReference; lastKnownFileType = sourcecode.swift; path = AppDelegate.swift; sourceTree = "<group>"; };
		A08BB40D1C5D3FEE00DE9201 /* ViewController.swift */ = {isa = PBXFileReference; lastKnownFileType = sourcecode.swift; path = ViewController.swift; sourceTree = "<group>"; };
		A08BB4101C5D3FF000DE9201 /* Base */ = {isa = PBXFileReference; lastKnownFileType = file.storyboard; name = Base; path = Base.lproj/Main.storyboard; sourceTree = "<group>"; };
		A08BB4121C5D3FF200DE9201 /* Assets.xcassets */ = {isa = PBXFileReference; lastKnownFileType = folder.assetcatalog; path = Assets.xcassets; sourceTree = "<group>"; };
		A08BB4151C5D3FF500DE9201 /* Base */ = {isa = PBXFileReference; lastKnownFileType = file.storyboard; name = Base; path = Base.lproj/LaunchScreen.storyboard; sourceTree = "<group>"; };
		A08BB4171C5D3FF600DE9201 /* Info.plist */ = {isa = PBXFileReference; lastKnownFileType = text.plist.xml; path = Info.plist; sourceTree = "<group>"; };
/* End PBXFileReference section */

/* Begin PBXFrameworksBuildPhase section */
		A08BB4051C5D3FEA00DE9201 /* Frameworks */ = {
			isa = PBXFrameworksBuildPhase;
			buildActionMask = 2147483647;
			files = (
			);
			runOnlyForDeploymentPostprocessing = 0;
		};
/* End PBXFrameworksBuildPhase section */

/* Begin PBXGroup section */
		A08BB3FF1C5D3FE700DE9201 = {
			isa = PBXGroup;
			children = (
				A08BB40A1C5D3FEC00DE9201 /* Project2 */,
				A08BB4091C5D3FEB00DE9201 /* Products */,
			);
			sourceTree = "<group>";
		};
		A08BB4091C5D3FEB00DE9201 /* Products */ = {
			isa = PBXGroup;
			children = (
				A08BB4081C5D3FEB00DE9201 /* Project2.app */,
			);
			name = Products;
			sourceTree = "<group>";
		};
		A08BB40A1C5D3FEC00DE9201 /* Project2 */ = {
			isa = PBXGroup;
			children = (
				A08BB40B1C5D3FEE00DE9201 /* AppDelegate.swift */,
				A08BB40D1C5D3FEE00DE9201 /* ViewController.swift */,
				A08BB40F1C5D3FF000DE9201 /* Main.storyboard */,
				A08BB4121C5D3FF200DE9201 /* Assets.xcassets */,
				A08BB4141C5D3FF500DE9201 /* LaunchScreen.storyboard */,
				A08BB4171C5D3FF600DE9201 /* Info.plist */,
			);
			path = Project2;
			sourceTree = "<group>";
		};
/* End PBXGroup section */

/* Begin PBXNativeTarget section */
		A08BB4071C5D3FEA00DE9201 /* Project2 */ = {
			isa = PBXNativeTarget;
			buildConfigurationList = A08BB41A1C5D3FF700DE9201 /* Build configuration list for PBXNativeTarget "Project2" */;
			buildPhases = (
				A08BB4041C5D3FEA00DE9201 /* Sources */,
				A08BB4051C5D3FEA00DE9201 /* Frameworks */,
				A08BB4061C5D3FEA00DE9201 /* Resources */,
			);
			buildRules = (
			);
			dependencies = (
			);
			name = Project2;
			productName = Project2;
			productReference = A08BB4081C5D3FEB00DE9201 /* Project2.app */;
			productType = "com.apple.product-type.application";
		};
/* End PBXNativeTarget section */

/* Begin PBXProject section */
		A08BB4001C5D3FE700DE9201 /* Project object */ = {
			isa = PBXProject;
			attributes = {
				LastSwiftUpdateCheck = 0720;
				LastUpgradeCheck = 0720;
				ORGANIZATIONNAME = "James  Farrell";
				TargetAttributes = {
					A08BB4071C5D3FEA00DE9201 = {
						CreatedOnToolsVersion = 7.2;
						DevelopmentTeam = 2KF74FAWF2;
					};
				};
			};
			buildConfigurationList = A08BB4031C5D3FE900DE9201 /* Build configuration list for PBXProject "Project2" */;
			compatibilityVersion = "Xcode 3.2";
			developmentRegion = English;
			hasScannedForEncodings = 0;
			knownRegions = (
				en,
				Base,
			);
			mainGroup = A08BB3FF1C5D3FE700DE9201;
			productRefGroup = A08BB4091C5D3FEB00DE9201 /* Products */;
			projectDirPath = "";
			projectRoot = "";
			targets = (
				A08BB4071C5D3FEA00DE9201 /* Project2 */,
			);
		};
/* End PBXProject section */

/* Begin PBXResourcesBuildPhase section */
		A08BB4061C5D3FEA00DE9201 /* Resources */ = {
			isa = PBXResourcesBuildPhase;
			buildActionMask = 2147483647;
			files = (
				A08BB4161C5D3FF500DE9201 /* LaunchScreen.storyboard in Resources */,
				A08BB4131C5D3FF200DE9201 /* Assets.xcassets in Resources */,
				A08BB4111C5D3FF000DE9201 /* Main.storyboard in Resources */,
			);
			runOnlyForDeploymentPostprocessing = 0;
		};
/* End PBXResourcesBuildPhase section */

/* Begin PBXSourcesBuildPhase section */
		A08BB4041C5D3FEA00DE9201 /* Sources */ = {
			isa = PBXSourcesBuildPhase;
			buildActionMask = 2147483647;
			files = (
				A08BB40E1C5D3FEE00DE9201 /* ViewController.swift in Sources */,
				A08BB40C1C5D3FEE00DE9201 /* AppDelegate.swift in Sources */,
			);
			runOnlyForDeploymentPostprocessing = 0;
		};
/* End PBXSourcesBuildPhase section */

/* Begin PBXVariantGroup section */
		A08BB40F1C5D3FF000DE9201 /* Main.storyboard */ = {
			isa = PBXVariantGroup;
			children = (
				A08BB4101C5D3FF000DE9201 /* Base */,
			);
			name = Main.storyboard;
			sourceTree = "<group>";
		};
		A08BB4141C5D3FF500DE9201 /* LaunchScreen.storyboard */ = {
			isa = PBXVariantGroup;
			children = (
				A08BB4151C5D3FF500DE9201 /* Base */,
			);
			name = LaunchScreen.storyboard;
			sourceTree = "<group>";
		};
/* End PBXVariantGroup section */

/* Begin XCBuildConfiguration section */
		A08BB4181C5D3FF600DE9201 /* Debug */ = {
			isa = XCBuildConfiguration;
			buildSettings = {
				ALWAYS_SEARCH_USER_PATHS = NO;
				CLANG_CXX_LANGUAGE_STANDARD = "gnu++0x";
				CLANG_CXX_LIBRARY = "libc++";
				CLANG_ENABLE_MODULES = YES;
				CLANG_ENABLE_OBJC_ARC = YES;
				CLANG_WARN_BOOL_CONVERSION = YES;
				CLANG_WARN_CONSTANT_CONVERSION = YES;
				CLANG_WARN_DIRECT_OBJC_ISA_USAGE = YES_ERROR;
				CLANG_WARN_EMPTY_BODY = YES;
				CLANG_WARN_ENUM_CONVERSION = YES;
				CLANG_WARN_INT_CONVERSION = YES;
				CLANG_WARN_OBJC_ROOT_CLASS = YES_ERROR;
				CLANG_WARN_UNREACHABLE_CODE = YES;
				CLANG_WARN__DUPLICATE_METHOD_MATCH = YES;
				"CODE_SIGN_IDENTITY[sdk=iphoneos*]" = "iPhone Developer";
				COPY_PHASE_STRIP = NO;
				DEBUG_INFORMATION_FORMAT = dwarf;
				ENABLE_STRICT_OBJC_MSGSEND = YES;
				ENABLE_TESTABILITY = YES;
				GCC_C_LANGUAGE_STANDARD = gnu99;
				GCC_DYNAMIC_NO_PIC = NO;
				GCC_NO_COMMON_BLOCKS = YES;
				GCC_OPTIMIZATION_LEVEL = 0;
				GCC_PREPROCESSOR_DEFINITIONS = (
					"DEBUG=1",
					"$(inherited)",
				);
				GCC_WARN_64_TO_32_BIT_CONVERSION = YES;
				GCC_WARN_ABOUT_RETURN_TYPE = YES_ERROR;
				GCC_WARN_UNDECLARED_SELECTOR = YES;
				GCC_WARN_UNINITIALIZED_AUTOS = YES_AGGRESSIVE;
				GCC_WARN_UNUSED_FUNCTION = YES;
				GCC_WARN_UNUSED_VARIABLE = YES;
				IPHONEOS_DEPLOYMENT_TARGET = 9.2;
				MTL_ENABLE_DEBUG_INFO = YES;
				ONLY_ACTIVE_ARCH = YES;
				SDKROOT = iphoneos;
				SWIFT_OPTIMIZATION_LEVEL = "-Onone";
			};
			name = Debug;
		};
		A08BB4191C5D3FF600DE9201 /* Release */ = {
			isa = XCBuildConfiguration;
			buildSettings = {
				ALWAYS_SEARCH_USER_PATHS = NO;
				CLANG_CXX_LANGUAGE_STANDARD = "gnu++0x";
				CLANG_CXX_LIBRARY = "libc++";
				CLANG_ENABLE_MODULES = YES;
				CLANG_ENABLE_OBJC_ARC = YES;
				CLANG_WARN_BOOL_CONVERSION = YES;
				CLANG_WARN_CONSTANT_CONVERSION = YES;
				CLANG_WARN_DIRECT_OBJC_ISA_USAGE = YES_ERROR;
				CLANG_WARN_EMPTY_BODY = YES;
				CLANG_WARN_ENUM_CONVERSION = YES;
				CLANG_WARN_INT_CONVERSION = YES;
				CLANG_WARN_OBJC_ROOT_CLASS = YES_ERROR;
				CLANG_WARN_UNREACHABLE_CODE = YES;
				CLANG_WARN__DUPLICATE_METHOD_MATCH = YES;
				"CODE_SIGN_IDENTITY[sdk=iphoneos*]" = "iPhone Developer";
				COPY_PHASE_STRIP = NO;
				DEBUG_INFORMATION_FORMAT = "dwarf-with-dsym";
				ENABLE_NS_ASSERTIONS = NO;
				ENABLE_STRICT_OBJC_MSGSEND = YES;
				GCC_C_LANGUAGE_STANDARD = gnu99;
				GCC_NO_COMMON_BLOCKS = YES;
				GCC_WARN_64_TO_32_BIT_CONVERSION = YES;
				GCC_WARN_ABOUT_RETURN_TYPE = YES_ERROR;
				GCC_WARN_UNDECLARED_SELECTOR = YES;
				GCC_WARN_UNINITIALIZED_AUTOS = YES_AGGRESSIVE;
				GCC_WARN_UNUSED_FUNCTION = YES;
				GCC_WARN_UNUSED_VARIABLE = YES;
				IPHONEOS_DEPLOYMENT_TARGET = 9.2;
				MTL_ENABLE_DEBUG_INFO = NO;
				SDKROOT = iphoneos;
				VALIDATE_PRODUCT = YES;
			};
			name = Release;
		};
		A08BB41B1C5D3FF700DE9201 /* Debug */ = {
			isa = XCBuildConfiguration;
			buildSettings = {
				ASSETCATALOG_COMPILER_APPICON_NAME = AppIcon;
				INFOPLIST_FILE = Project2/Info.plist;
				LD_RUNPATH_SEARCH_PATHS = "$(inherited) @executable_path/Frameworks";
				PRODUCT_BUNDLE_IDENTIFIER = uk.jamesthomasfarrell.Project2;
				PRODUCT_NAME = "$(TARGET_NAME)";
			};
			name = Debug;
		};
		A08BB41C1C5D3FF700DE9201 /* Release */ = {
			isa = XCBuildConfiguration;
			buildSettings = {
				ASSETCATALOG_COMPILER_APPICON_NAME = AppIcon;
				INFOPLIST_FILE = Project2/Info.plist;
				LD_RUNPATH_SEARCH_PATHS = "$(inherited) @executable_path/Frameworks";
				PRODUCT_BUNDLE_IDENTIFIER = uk.jamesthomasfarrell.Project2;
				PRODUCT_NAME = "$(TARGET_NAME)";
			};
			name = Release;
		};
/* End XCBuildConfiguration section */

/* Begin XCConfigurationList section */
		A08BB4031C5D3FE900DE9201 /* Build configuration list for PBXProject "Project2" */ = {
			isa = XCConfigurationList;
			buildConfigurations = (
				A08BB4181C5D3FF600DE9201 /* Debug */,
				A08BB4191C5D3FF600DE9201 /* Release */,
			);
			defaultConfigurationIsVisible = 0;
			defaultConfigurationName = Release;
		};
		A08BB41A1C5D3FF700DE9201 /* Build configuration list for PBXNativeTarget "Project2" */ = {
			isa = XCConfigurationList;
			buildConfigurations = (
				A08BB41B1C5D3FF700DE9201 /* Debug */,
				A08BB41C1C5D3FF700DE9201 /* Release */,
			);
			defaultConfigurationIsVisible = 0;
		};
/* End XCConfigurationList section */
	};
	rootObject = A08BB4001C5D3FE700DE9201 /* Project object */;
}
